
Microsoft Visual Studio Solution File, Format Version 12.00
# Visual Studio 15
VisualStudioVersion = 15.0.27703.2047
MinimumVisualStudioVersion = 10.0.40219.1
Project("{F184B08F-C81C-45F6-A57F-5ABD9991F28F}") = "JsonDemo", "JsonDemo\JsonDemo.vbproj", "{62B43681-24D6-4C15-BD57-BB3E59812BBF}"
EndProject
Global
	GlobalSection(SolutionConfigurationPlatforms) = preSolution
		Debug|Any CPU = Debug|Any CPU
		Release|Any CPU = Release|Any CPU
	EndGlobalSection
	GlobalSection(ProjectConfigurationPlatforms) = postSolution
		{62B43681-24D6-4C15-BD57-BB3E59812BBF}.Debug|Any CPU.ActiveCfg = Debug|Any CPU
		{62B43681-24D6-4C15-BD57-BB3E59812BBF}.Debug|Any CPU.Build.0 = Debug|Any CPU
		{62B43681-24D6-4C15-BD57-BB3E59812BBF}.Release|Any CPU.ActiveCfg = Release|Any CPU
		{62B43681-24D6-4C15-BD57-BB3E59812BBF}.Release|Any CPU.Build.0 = Release|Any CPU
	EndGlobalSection
	GlobalSection(SolutionProperties) = preSolution
		HideSolutionNode = FALSE
	EndGlobalSection
	GlobalSection(ExtensibilityGlobals) = postSolution
		SolutionGuid = {F48C7CBE-9D17-4CFB-B95B-2568D50FA6AC}
	EndGlobalSection
EndGlobal
