
Microsoft Visual Studio Solution File, Format Version 12.00
# Visual Studio 15
VisualStudioVersion = 15.0.27703.2047
MinimumVisualStudioVersion = 10.0.40219.1
Project("{F184B08F-C81C-45F6-A57F-5ABD9991F28F}") = "FauxbooksExtension", "FauxbooksExtension\FauxbooksExtension.vbproj", "{C5D65A48-ED54-4A05-8168-373B90DA5C20}"
EndProject
Global
	GlobalSection(SolutionConfigurationPlatforms) = preSolution
		Debug|Any CPU = Debug|Any CPU
		Release|Any CPU = Release|Any CPU
	EndGlobalSection
	GlobalSection(ProjectConfigurationPlatforms) = postSolution
		{C5D65A48-ED54-4A05-8168-373B90DA5C20}.Debug|Any CPU.ActiveCfg = Debug|Any CPU
		{C5D65A48-ED54-4A05-8168-373B90DA5C20}.Debug|Any CPU.Build.0 = Debug|Any CPU
		{C5D65A48-ED54-4A05-8168-373B90DA5C20}.Release|Any CPU.ActiveCfg = Release|Any CPU
		{C5D65A48-ED54-4A05-8168-373B90DA5C20}.Release|Any CPU.Build.0 = Release|Any CPU
	EndGlobalSection
	GlobalSection(SolutionProperties) = preSolution
		HideSolutionNode = FALSE
	EndGlobalSection
	GlobalSection(ExtensibilityGlobals) = postSolution
		SolutionGuid = {B4FB6CBF-46C4-4D44-8C72-4BCE751EECCB}
	EndGlobalSection
EndGlobal
